
Microsoft Visual Studio Solution File, Format Version 12.00
# Visual Studio Version 17
VisualStudioVersion = 17.12.35506.116
MinimumVisualStudioVersion = 10.0.40219.1
Project("{FAE04EC0-301F-11D3-BF4B-00C04F79EFBC}") = "StructureProgramming", "StructureProgramming\StructureProgramming.csproj", "{22965EA2-1429-4558-82FA-8214C71D8168}"
EndProject
Project("{FAE04EC0-301F-11D3-BF4B-00C04F79EFBC}") = "FunctionalPrograming", "FunctionalPrograming\FunctionalPrograming.csproj", "{20D7C896-D620-49F8-8A7E-50E5A2F26F0C}"
EndProject
Project("{FAE04EC0-301F-11D3-BF4B-00C04F79EFBC}") = "SOLID", "SOLID\SOLID.csproj", "{5122C518-5E11-4132-93C6-5753A93D1CA0}"
EndProject
Project("{FAE04EC0-301F-11D3-BF4B-00C04F79EFBC}") = "IntroArchitecture", "IntroArchitecture\IntroArchitecture.csproj", "{4286DC88-4A21-4216-AA77-A6317AB01850}"
EndProject
Project("{2150E333-8FDC-42A3-9474-1A3956D46DE8}") = "HexagonalArchitectureMinimal", "HexagonalArchitectureMinimal", "{02EA681E-C7D8-13C7-8484-4AC65E1B71E8}"
EndProject
Project("{FAE04EC0-301F-11D3-BF4B-00C04F79EFBC}") = "Dominio", "Dominio\Dominio.csproj", "{7BF15924-BB35-4AF1-A88B-201D7CE63DA3}"
EndProject
Project("{FAE04EC0-301F-11D3-BF4B-00C04F79EFBC}") = "JsonRepository", "JsonRepository\JsonRepository.csproj", "{6807EDDE-AAE7-40E1-ABE1-A380C0C0B676}"
EndProject
Project("{FAE04EC0-301F-11D3-BF4B-00C04F79EFBC}") = "ConsoleApp", "ConsoleApp\ConsoleApp.csproj", "{7AA0DD62-65B6-4834-9DD2-71F30BDDE530}"
EndProject
Project("{FAE04EC0-301F-11D3-BF4B-00C04F79EFBC}") = "Api", "Api\Api.csproj", "{7E2649DD-802C-4839-B079-9EA2F8D052A3}"
EndProject
Project("{FAE04EC0-301F-11D3-BF4B-00C04F79EFBC}") = "XMLRepository", "XMLRepository\XMLRepository.csproj", "{70B0B9B2-2F0F-4636-96C2-C6EAA7A1F3B2}"
EndProject
Global
	GlobalSection(SolutionConfigurationPlatforms) = preSolution
		Debug|Any CPU = Debug|Any CPU
		Release|Any CPU = Release|Any CPU
	EndGlobalSection
	GlobalSection(ProjectConfigurationPlatforms) = postSolution
		{22965EA2-1429-4558-82FA-8214C71D8168}.Debug|Any CPU.ActiveCfg = Debug|Any CPU
		{22965EA2-1429-4558-82FA-8214C71D8168}.Debug|Any CPU.Build.0 = Debug|Any CPU
		{22965EA2-1429-4558-82FA-8214C71D8168}.Release|Any CPU.ActiveCfg = Release|Any CPU
		{22965EA2-1429-4558-82FA-8214C71D8168}.Release|Any CPU.Build.0 = Release|Any CPU
		{20D7C896-D620-49F8-8A7E-50E5A2F26F0C}.Debug|Any CPU.ActiveCfg = Debug|Any CPU
		{20D7C896-D620-49F8-8A7E-50E5A2F26F0C}.Debug|Any CPU.Build.0 = Debug|Any CPU
		{20D7C896-D620-49F8-8A7E-50E5A2F26F0C}.Release|Any CPU.ActiveCfg = Release|Any CPU
		{20D7C896-D620-49F8-8A7E-50E5A2F26F0C}.Release|Any CPU.Build.0 = Release|Any CPU
		{5122C518-5E11-4132-93C6-5753A93D1CA0}.Debug|Any CPU.ActiveCfg = Debug|Any CPU
		{5122C518-5E11-4132-93C6-5753A93D1CA0}.Debug|Any CPU.Build.0 = Debug|Any CPU
		{5122C518-5E11-4132-93C6-5753A93D1CA0}.Release|Any CPU.ActiveCfg = Release|Any CPU
		{5122C518-5E11-4132-93C6-5753A93D1CA0}.Release|Any CPU.Build.0 = Release|Any CPU
		{4286DC88-4A21-4216-AA77-A6317AB01850}.Debug|Any CPU.ActiveCfg = Debug|Any CPU
		{4286DC88-4A21-4216-AA77-A6317AB01850}.Debug|Any CPU.Build.0 = Debug|Any CPU
		{4286DC88-4A21-4216-AA77-A6317AB01850}.Release|Any CPU.ActiveCfg = Release|Any CPU
		{4286DC88-4A21-4216-AA77-A6317AB01850}.Release|Any CPU.Build.0 = Release|Any CPU
		{7BF15924-BB35-4AF1-A88B-201D7CE63DA3}.Debug|Any CPU.ActiveCfg = Debug|Any CPU
		{7BF15924-BB35-4AF1-A88B-201D7CE63DA3}.Debug|Any CPU.Build.0 = Debug|Any CPU
		{7BF15924-BB35-4AF1-A88B-201D7CE63DA3}.Release|Any CPU.ActiveCfg = Release|Any CPU
		{7BF15924-BB35-4AF1-A88B-201D7CE63DA3}.Release|Any CPU.Build.0 = Release|Any CPU
		{6807EDDE-AAE7-40E1-ABE1-A380C0C0B676}.Debug|Any CPU.ActiveCfg = Debug|Any CPU
		{6807EDDE-AAE7-40E1-ABE1-A380C0C0B676}.Debug|Any CPU.Build.0 = Debug|Any CPU
		{6807EDDE-AAE7-40E1-ABE1-A380C0C0B676}.Release|Any CPU.ActiveCfg = Release|Any CPU
		{6807EDDE-AAE7-40E1-ABE1-A380C0C0B676}.Release|Any CPU.Build.0 = Release|Any CPU
		{7AA0DD62-65B6-4834-9DD2-71F30BDDE530}.Debug|Any CPU.ActiveCfg = Debug|Any CPU
		{7AA0DD62-65B6-4834-9DD2-71F30BDDE530}.Debug|Any CPU.Build.0 = Debug|Any CPU
		{7AA0DD62-65B6-4834-9DD2-71F30BDDE530}.Release|Any CPU.ActiveCfg = Release|Any CPU
		{7AA0DD62-65B6-4834-9DD2-71F30BDDE530}.Release|Any CPU.Build.0 = Release|Any CPU
		{7E2649DD-802C-4839-B079-9EA2F8D052A3}.Debug|Any CPU.ActiveCfg = Debug|Any CPU
		{7E2649DD-802C-4839-B079-9EA2F8D052A3}.Debug|Any CPU.Build.0 = Debug|Any CPU
		{7E2649DD-802C-4839-B079-9EA2F8D052A3}.Release|Any CPU.ActiveCfg = Release|Any CPU
		{7E2649DD-802C-4839-B079-9EA2F8D052A3}.Release|Any CPU.Build.0 = Release|Any CPU
		{70B0B9B2-2F0F-4636-96C2-C6EAA7A1F3B2}.Debug|Any CPU.ActiveCfg = Debug|Any CPU
		{70B0B9B2-2F0F-4636-96C2-C6EAA7A1F3B2}.Debug|Any CPU.Build.0 = Debug|Any CPU
		{70B0B9B2-2F0F-4636-96C2-C6EAA7A1F3B2}.Release|Any CPU.ActiveCfg = Release|Any CPU
		{70B0B9B2-2F0F-4636-96C2-C6EAA7A1F3B2}.Release|Any CPU.Build.0 = Release|Any CPU
	EndGlobalSection
	GlobalSection(SolutionProperties) = preSolution
		HideSolutionNode = FALSE
	EndGlobalSection
	GlobalSection(NestedProjects) = preSolution
		{7BF15924-BB35-4AF1-A88B-201D7CE63DA3} = {02EA681E-C7D8-13C7-8484-4AC65E1B71E8}
		{6807EDDE-AAE7-40E1-ABE1-A380C0C0B676} = {02EA681E-C7D8-13C7-8484-4AC65E1B71E8}
		{7AA0DD62-65B6-4834-9DD2-71F30BDDE530} = {02EA681E-C7D8-13C7-8484-4AC65E1B71E8}
		{7E2649DD-802C-4839-B079-9EA2F8D052A3} = {02EA681E-C7D8-13C7-8484-4AC65E1B71E8}
		{70B0B9B2-2F0F-4636-96C2-C6EAA7A1F3B2} = {02EA681E-C7D8-13C7-8484-4AC65E1B71E8}
	EndGlobalSection
	GlobalSection(ExtensibilityGlobals) = postSolution
		SolutionGuid = {3F362DEE-3530-44F2-95E9-BB8DDF0EEF20}
	EndGlobalSection
EndGlobal
